// !$*UTF8*$!
{
	archiveVersion = 1;
	classes = {
	};
	objectVersion = 46;
	objects = {

/* Begin PBXBuildFile section */
		365CA0D61D32F5BB00381F77 /* AppDelegate.swift in Sources */ = {isa = PBXBuildFile; fileRef = 365CA0D51D32F5BB00381F77 /* AppDelegate.swift */; };
		365CA0D81D32F5BB00381F77 /* ViewController.swift in Sources */ = {isa = PBXBuildFile; fileRef = 365CA0D71D32F5BB00381F77 /* ViewController.swift */; };
		365CA0DB1D32F5BB00381F77 /* Main.storyboard in Resources */ = {isa = PBXBuildFile; fileRef = 365CA0D91D32F5BB00381F77 /* Main.storyboard */; };
		365CA0DE1D32F5BB00381F77 /* Pokemon_Go_Pokedex.xcdatamodeld in Sources */ = {isa = PBXBuildFile; fileRef = 365CA0DC1D32F5BB00381F77 /* Pokemon_Go_Pokedex.xcdatamodeld */; };
		365CA0E01D32F5BB00381F77 /* Assets.xcassets in Resources */ = {isa = PBXBuildFile; fileRef = 365CA0DF1D32F5BB00381F77 /* Assets.xcassets */; };
		365CA0E31D32F5BB00381F77 /* LaunchScreen.storyboard in Resources */ = {isa = PBXBuildFile; fileRef = 365CA0E11D32F5BB00381F77 /* LaunchScreen.storyboard */; };
		365CA0EB1D32F6FE00381F77 /* pokemon.csv in Resources */ = {isa = PBXBuildFile; fileRef = 365CA0EA1D32F6FE00381F77 /* pokemon.csv */; };
		365CA0EE1D32F7A900381F77 /* Pokemon.swift in Sources */ = {isa = PBXBuildFile; fileRef = 365CA0ED1D32F7A900381F77 /* Pokemon.swift */; };
		365CA0F01D33554C00381F77 /* MaterialView.swift in Sources */ = {isa = PBXBuildFile; fileRef = 365CA0EF1D33554C00381F77 /* MaterialView.swift */; };
		365CA0F51D335E9100381F77 /* PokemonCell.swift in Sources */ = {isa = PBXBuildFile; fileRef = 365CA0F41D335E9100381F77 /* PokemonCell.swift */; };
/* End PBXBuildFile section */

/* Begin PBXFileReference section */
		365CA0D21D32F5BB00381F77 /* Pokemon Go Pokedex.app */ = {isa = PBXFileReference; explicitFileType = wrapper.application; includeInIndex = 0; path = "Pokemon Go Pokedex.app"; sourceTree = BUILT_PRODUCTS_DIR; };
		365CA0D51D32F5BB00381F77 /* AppDelegate.swift */ = {isa = PBXFileReference; lastKnownFileType = sourcecode.swift; path = AppDelegate.swift; sourceTree = "<group>"; };
		365CA0D71D32F5BB00381F77 /* ViewController.swift */ = {isa = PBXFileReference; lastKnownFileType = sourcecode.swift; path = ViewController.swift; sourceTree = "<group>"; };
		365CA0DA1D32F5BB00381F77 /* Base */ = {isa = PBXFileReference; lastKnownFileType = file.storyboard; name = Base; path = Base.lproj/Main.storyboard; sourceTree = "<group>"; };
		365CA0DD1D32F5BB00381F77 /* Pokemon_Go_Pokedex.xcdatamodel */ = {isa = PBXFileReference; lastKnownFileType = wrapper.xcdatamodel; path = Pokemon_Go_Pokedex.xcdatamodel; sourceTree = "<group>"; };
		365CA0DF1D32F5BB00381F77 /* Assets.xcassets */ = {isa = PBXFileReference; lastKnownFileType = folder.assetcatalog; path = Assets.xcassets; sourceTree = "<group>"; };
		365CA0E21D32F5BB00381F77 /* Base */ = {isa = PBXFileReference; lastKnownFileType = file.storyboard; name = Base; path = Base.lproj/LaunchScreen.storyboard; sourceTree = "<group>"; };
		365CA0E41D32F5BB00381F77 /* Info.plist */ = {isa = PBXFileReference; lastKnownFileType = text.plist.xml; path = Info.plist; sourceTree = "<group>"; };
		365CA0EA1D32F6FE00381F77 /* pokemon.csv */ = {isa = PBXFileReference; fileEncoding = 4; lastKnownFileType = text; path = pokemon.csv; sourceTree = "<group>"; };
		365CA0ED1D32F7A900381F77 /* Pokemon.swift */ = {isa = PBXFileReference; fileEncoding = 4; lastKnownFileType = sourcecode.swift; path = Pokemon.swift; sourceTree = "<group>"; };
		365CA0EF1D33554C00381F77 /* MaterialView.swift */ = {isa = PBXFileReference; fileEncoding = 4; lastKnownFileType = sourcecode.swift; path = MaterialView.swift; sourceTree = "<group>"; };
		365CA0F41D335E9100381F77 /* PokemonCell.swift */ = {isa = PBXFileReference; fileEncoding = 4; lastKnownFileType = sourcecode.swift; path = PokemonCell.swift; sourceTree = "<group>"; };
/* End PBXFileReference section */

/* Begin PBXFrameworksBuildPhase section */
		365CA0CF1D32F5BB00381F77 /* Frameworks */ = {
			isa = PBXFrameworksBuildPhase;
			buildActionMask = 2147483647;
			files = (
			);
			runOnlyForDeploymentPostprocessing = 0;
		};
/* End PBXFrameworksBuildPhase section */

/* Begin PBXGroup section */
		365CA0C91D32F5BB00381F77 = {
			isa = PBXGroup;
			children = (
				365CA0F41D335E9100381F77 /* PokemonCell.swift */,
				365CA0D41D32F5BB00381F77 /* Pokemon Go Pokedex */,
				365CA0D31D32F5BB00381F77 /* Products */,
			);
			sourceTree = "<group>";
		};
		365CA0D31D32F5BB00381F77 /* Products */ = {
			isa = PBXGroup;
			children = (
				365CA0D21D32F5BB00381F77 /* Pokemon Go Pokedex.app */,
			);
			name = Products;
			sourceTree = "<group>";
		};
		365CA0D41D32F5BB00381F77 /* Pokemon Go Pokedex */ = {
			isa = PBXGroup;
			children = (
				365CA0EC1D32F7A300381F77 /* Model */,
				365CA0D51D32F5BB00381F77 /* AppDelegate.swift */,
				365CA0D71D32F5BB00381F77 /* ViewController.swift */,
				365CA0EA1D32F6FE00381F77 /* pokemon.csv */,
				365CA0D91D32F5BB00381F77 /* Main.storyboard */,
				365CA0F11D335A1C00381F77 /* Views */,
				365CA0DF1D32F5BB00381F77 /* Assets.xcassets */,
				365CA0E11D32F5BB00381F77 /* LaunchScreen.storyboard */,
				365CA0E41D32F5BB00381F77 /* Info.plist */,
				365CA0DC1D32F5BB00381F77 /* Pokemon_Go_Pokedex.xcdatamodeld */,
			);
			path = "Pokemon Go Pokedex";
			sourceTree = "<group>";
		};
		365CA0EC1D32F7A300381F77 /* Model */ = {
			isa = PBXGroup;
			children = (
				365CA0ED1D32F7A900381F77 /* Pokemon.swift */,
			);
			name = Model;
			sourceTree = "<group>";
		};
		365CA0F11D335A1C00381F77 /* Views */ = {
			isa = PBXGroup;
			children = (
				365CA0EF1D33554C00381F77 /* MaterialView.swift */,
			);
			name = Views;
			sourceTree = "<group>";
		};
/* End PBXGroup section */

/* Begin PBXNativeTarget section */
		365CA0D11D32F5BB00381F77 /* Pokemon Go Pokedex */ = {
			isa = PBXNativeTarget;
			buildConfigurationList = 365CA0E71D32F5BB00381F77 /* Build configuration list for PBXNativeTarget "Pokemon Go Pokedex" */;
			buildPhases = (
				365CA0CE1D32F5BB00381F77 /* Sources */,
				365CA0CF1D32F5BB00381F77 /* Frameworks */,
				365CA0D01D32F5BB00381F77 /* Resources */,
			);
			buildRules = (
			);
			dependencies = (
			);
			name = "Pokemon Go Pokedex";
			productName = "Pokemon Go Pokedex";
			productReference = 365CA0D21D32F5BB00381F77 /* Pokemon Go Pokedex.app */;
			productType = "com.apple.product-type.application";
		};
/* End PBXNativeTarget section */

/* Begin PBXProject section */
		365CA0CA1D32F5BB00381F77 /* Project object */ = {
			isa = PBXProject;
			attributes = {
				LastSwiftUpdateCheck = 0730;
				LastUpgradeCheck = 0730;
				ORGANIZATIONNAME = "Kashish Goel";
				TargetAttributes = {
					365CA0D11D32F5BB00381F77 = {
						CreatedOnToolsVersion = 7.3.1;
					};
				};
			};
			buildConfigurationList = 365CA0CD1D32F5BB00381F77 /* Build configuration list for PBXProject "Pokemon Go Pokedex" */;
			compatibilityVersion = "Xcode 3.2";
			developmentRegion = English;
			hasScannedForEncodings = 0;
			knownRegions = (
				en,
				Base,
			);
			mainGroup = 365CA0C91D32F5BB00381F77;
			productRefGroup = 365CA0D31D32F5BB00381F77 /* Products */;
			projectDirPath = "";
			projectRoot = "";
			targets = (
				365CA0D11D32F5BB00381F77 /* Pokemon Go Pokedex */,
			);
		};
/* End PBXProject section */

/* Begin PBXResourcesBuildPhase section */
		365CA0D01D32F5BB00381F77 /* Resources */ = {
			isa = PBXResourcesBuildPhase;
			buildActionMask = 2147483647;
			files = (
				365CA0E31D32F5BB00381F77 /* LaunchScreen.storyboard in Resources */,
				365CA0E01D32F5BB00381F77 /* Assets.xcassets in Resources */,
				365CA0EB1D32F6FE00381F77 /* pokemon.csv in Resources */,
				365CA0DB1D32F5BB00381F77 /* Main.storyboard in Resources */,
			);
			runOnlyForDeploymentPostprocessing = 0;
		};
/* End PBXResourcesBuildPhase section */

/* Begin PBXSourcesBuildPhase section */
		365CA0CE1D32F5BB00381F77 /* Sources */ = {
			isa = PBXSourcesBuildPhase;
			buildActionMask = 2147483647;
			files = (
				365CA0DE1D32F5BB00381F77 /* Pokemon_Go_Pokedex.xcdatamodeld in Sources */,
				365CA0EE1D32F7A900381F77 /* Pokemon.swift in Sources */,
				365CA0F01D33554C00381F77 /* MaterialView.swift in Sources */,
				365CA0D81D32F5BB00381F77 /* ViewController.swift in Sources */,
				365CA0D61D32F5BB00381F77 /* AppDelegate.swift in Sources */,
				365CA0F51D335E9100381F77 /* PokemonCell.swift in Sources */,
			);
			runOnlyForDeploymentPostprocessing = 0;
		};
/* End PBXSourcesBuildPhase section */

/* Begin PBXVariantGroup section */
		365CA0D91D32F5BB00381F77 /* Main.storyboard */ = {
			isa = PBXVariantGroup;
			children = (
				365CA0DA1D32F5BB00381F77 /* Base */,
			);
			name = Main.storyboard;
			sourceTree = "<group>";
		};
		365CA0E11D32F5BB00381F77 /* LaunchScreen.storyboard */ = {
			isa = PBXVariantGroup;
			children = (
				365CA0E21D32F5BB00381F77 /* Base */,
			);
			name = LaunchScreen.storyboard;
			sourceTree = "<group>";
		};
/* End PBXVariantGroup section */

/* Begin XCBuildConfiguration section */
		365CA0E51D32F5BB00381F77 /* Debug */ = {
			isa = XCBuildConfiguration;
			buildSettings = {
				ALWAYS_SEARCH_USER_PATHS = NO;
				CLANG_ANALYZER_NONNULL = YES;
				CLANG_CXX_LANGUAGE_STANDARD = "gnu++0x";
				CLANG_CXX_LIBRARY = "libc++";
				CLANG_ENABLE_MODULES = YES;
				CLANG_ENABLE_OBJC_ARC = YES;
				CLANG_WARN_BOOL_CONVERSION = YES;
				CLANG_WARN_CONSTANT_CONVERSION = YES;
				CLANG_WARN_DIRECT_OBJC_ISA_USAGE = YES_ERROR;
				CLANG_WARN_EMPTY_BODY = YES;
				CLANG_WARN_ENUM_CONVERSION = YES;
				CLANG_WARN_INT_CONVERSION = YES;
				CLANG_WARN_OBJC_ROOT_CLASS = YES_ERROR;
				CLANG_WARN_UNREACHABLE_CODE = YES;
				CLANG_WARN__DUPLICATE_METHOD_MATCH = YES;
				"CODE_SIGN_IDENTITY[sdk=iphoneos*]" = "iPhone Developer";
				COPY_PHASE_STRIP = NO;
				DEBUG_INFORMATION_FORMAT = dwarf;
				ENABLE_STRICT_OBJC_MSGSEND = YES;
				ENABLE_TESTABILITY = YES;
				GCC_C_LANGUAGE_STANDARD = gnu99;
				GCC_DYNAMIC_NO_PIC = NO;
				GCC_NO_COMMON_BLOCKS = YES;
				GCC_OPTIMIZATION_LEVEL = 0;
				GCC_PREPROCESSOR_DEFINITIONS = (
					"DEBUG=1",
					"$(inherited)",
				);
				GCC_WARN_64_TO_32_BIT_CONVERSION = YES;
				GCC_WARN_ABOUT_RETURN_TYPE = YES_ERROR;
				GCC_WARN_UNDECLARED_SELECTOR = YES;
				GCC_WARN_UNINITIALIZED_AUTOS = YES_AGGRESSIVE;
				GCC_WARN_UNUSED_FUNCTION = YES;
				GCC_WARN_UNUSED_VARIABLE = YES;
				IPHONEOS_DEPLOYMENT_TARGET = 9.3;
				MTL_ENABLE_DEBUG_INFO = YES;
				ONLY_ACTIVE_ARCH = YES;
				SDKROOT = iphoneos;
				SWIFT_OPTIMIZATION_LEVEL = "-Onone";
				TARGETED_DEVICE_FAMILY = "1,2";
			};
			name = Debug;
		};
		365CA0E61D32F5BB00381F77 /* Release */ = {
			isa = XCBuildConfiguration;
			buildSettings = {
				ALWAYS_SEARCH_USER_PATHS = NO;
				CLANG_ANALYZER_NONNULL = YES;
				CLANG_CXX_LANGUAGE_STANDARD = "gnu++0x";
				CLANG_CXX_LIBRARY = "libc++";
				CLANG_ENABLE_MODULES = YES;
				CLANG_ENABLE_OBJC_ARC = YES;
				CLANG_WARN_BOOL_CONVERSION = YES;
				CLANG_WARN_CONSTANT_CONVERSION = YES;
				CLANG_WARN_DIRECT_OBJC_ISA_USAGE = YES_ERROR;
				CLANG_WARN_EMPTY_BODY = YES;
				CLANG_WARN_ENUM_CONVERSION = YES;
				CLANG_WARN_INT_CONVERSION = YES;
				CLANG_WARN_OBJC_ROOT_CLASS = YES_ERROR;
				CLANG_WARN_UNREACHABLE_CODE = YES;
				CLANG_WARN__DUPLICATE_METHOD_MATCH = YES;
				"CODE_SIGN_IDENTITY[sdk=iphoneos*]" = "iPhone Developer";
				COPY_PHASE_STRIP = NO;
				DEBUG_INFORMATION_FORMAT = "dwarf-with-dsym";
				ENABLE_NS_ASSERTIONS = NO;
				ENABLE_STRICT_OBJC_MSGSEND = YES;
				GCC_C_LANGUAGE_STANDARD = gnu99;
				GCC_NO_COMMON_BLOCKS = YES;
				GCC_WARN_64_TO_32_BIT_CONVERSION = YES;
				GCC_WARN_ABOUT_RETURN_TYPE = YES_ERROR;
				GCC_WARN_UNDECLARED_SELECTOR = YES;
				GCC_WARN_UNINITIALIZED_AUTOS = YES_AGGRESSIVE;
				GCC_WARN_UNUSED_FUNCTION = YES;
				GCC_WARN_UNUSED_VARIABLE = YES;
				IPHONEOS_DEPLOYMENT_TARGET = 9.3;
				MTL_ENABLE_DEBUG_INFO = NO;
				SDKROOT = iphoneos;
				TARGETED_DEVICE_FAMILY = "1,2";
				VALIDATE_PRODUCT = YES;
			};
			name = Release;
		};
		365CA0E81D32F5BB00381F77 /* Debug */ = {
			isa = XCBuildConfiguration;
			buildSettings = {
				ASSETCATALOG_COMPILER_APPICON_NAME = AppIcon;
				INFOPLIST_FILE = "Pokemon Go Pokedex/Info.plist";
				LD_RUNPATH_SEARCH_PATHS = "$(inherited) @executable_path/Frameworks";
				PRODUCT_BUNDLE_IDENTIFIER = "KashishGoel.Pokemon-Go-Pokedex";
				PRODUCT_NAME = "$(TARGET_NAME)";
			};
			name = Debug;
		};
		365CA0E91D32F5BB00381F77 /* Release */ = {
			isa = XCBuildConfiguration;
			buildSettings = {
				ASSETCATALOG_COMPILER_APPICON_NAME = AppIcon;
				INFOPLIST_FILE = "Pokemon Go Pokedex/Info.plist";
				LD_RUNPATH_SEARCH_PATHS = "$(inherited) @executable_path/Frameworks";
				PRODUCT_BUNDLE_IDENTIFIER = "KashishGoel.Pokemon-Go-Pokedex";
				PRODUCT_NAME = "$(TARGET_NAME)";
			};
			name = Release;
		};
/* End XCBuildConfiguration section */

/* Begin XCConfigurationList section */
		365CA0CD1D32F5BB00381F77 /* Build configuration list for PBXProject "Pokemon Go Pokedex" */ = {
			isa = XCConfigurationList;
			buildConfigurations = (
				365CA0E51D32F5BB00381F77 /* Debug */,
				365CA0E61D32F5BB00381F77 /* Release */,
			);
			defaultConfigurationIsVisible = 0;
			defaultConfigurationName = Release;
		};
		365CA0E71D32F5BB00381F77 /* Build configuration list for PBXNativeTarget "Pokemon Go Pokedex" */ = {
			isa = XCConfigurationList;
			buildConfigurations = (
				365CA0E81D32F5BB00381F77 /* Debug */,
				365CA0E91D32F5BB00381F77 /* Release */,
			);
			defaultConfigurationIsVisible = 0;
		};
/* End XCConfigurationList section */

/* Begin XCVersionGroup section */
		365CA0DC1D32F5BB00381F77 /* Pokemon_Go_Pokedex.xcdatamodeld */ = {
			isa = XCVersionGroup;
			children = (
				365CA0DD1D32F5BB00381F77 /* Pokemon_Go_Pokedex.xcdatamodel */,
			);
			currentVersion = 365CA0DD1D32F5BB00381F77 /* Pokemon_Go_Pokedex.xcdatamodel */;
			path = Pokemon_Go_Pokedex.xcdatamodeld;
			sourceTree = "<group>";
			versionGroupType = wrapper.xcdatamodel;
		};
/* End XCVersionGroup section */
	};
	rootObject = 365CA0CA1D32F5BB00381F77 /* Project object */;
}
